{
  "lockfileVersion": 1,
  "configVersion": 1,
  "workspaces": {
    "": {
      "name": "app",
      "dependencies": {
        "@prisma/adapter-pg": "^7.2.0",
        "@prisma/client": "^7.2.0",
        "better-auth": "^1.4.10",
        "dotenv": "^17.2.3",
        "elysia": "latest",
        "pg": "^8.16.3",
      },
      "devDependencies": {
        "bun-types": "latest",
      },
    },
  },
  "packages": {
    "@better-auth/core": ["@better-auth/core@1.4.10", "", { "dependencies": { "@standard-schema/spec": "^1.0.0", "zod": "^4.1.12" }, "peerDependencies": { "@better-auth/utils": "0.3.0", "@better-fetch/fetch": "1.1.21", "better-call": "1.1.7", "jose": "^6.1.0", "kysely": "^0.28.5", "nanostores": "^1.0.1" } }, "sha512-AThrfb6CpG80wqkanfrbN2/fGOYzhGladHFf3JhaWt/3/Vtf4h084T6PJLrDE7M/vCCGYvDI1DkvP3P1OB2HAg=="],

    "@better-auth/telemetry": ["@better-auth/telemetry@1.4.10", "", { "dependencies": { "@better-auth/utils": "0.3.0", "@better-fetch/fetch": "1.1.21" }, "peerDependencies": { "@better-auth/core": "1.4.10" } }, "sha512-Dq4XJX6EKsUu0h3jpRagX739p/VMOTcnJYWRrLtDYkqtZFg+sFiFsSWVcfapZoWpRSUGYX9iKwl6nDHn6Ju2oQ=="],

    "@better-auth/utils": ["@better-auth/utils@0.3.0", "", {}, "sha512-W+Adw6ZA6mgvnSnhOki270rwJ42t4XzSK6YWGF//BbVXL6SwCLWfyzBc1lN2m/4RM28KubdBKQ4X5VMoLRNPQw=="],

    "@better-fetch/fetch": ["@better-fetch/fetch@1.1.21", "", {}, "sha512-/ImESw0sskqlVR94jB+5+Pxjf+xBwDZF/N5+y2/q4EqD7IARUTSpPfIo8uf39SYpCxyOCtbyYpUrZ3F/k0zT4A=="],

    "@borewit/text-codec": ["@borewit/text-codec@0.2.1", "", {}, "sha512-k7vvKPbf7J2fZ5klGRD9AeKfUvojuZIQ3BT5u7Jfv+puwXkUBUT5PVyMDfJZpy30CBDXGMgw7fguK/lpOMBvgw=="],

    "@noble/ciphers": ["@noble/ciphers@2.1.1", "", {}, "sha512-bysYuiVfhxNJuldNXlFEitTVdNnYUc+XNJZd7Qm2a5j1vZHgY+fazadNFWFaMK/2vye0JVlxV3gHmC0WDfAOQw=="],

    "@noble/hashes": ["@noble/hashes@2.0.1", "", {}, "sha512-XlOlEbQcE9fmuXxrVTXCTlG2nlRXa9Rj3rr5Ue/+tX+nmkgbX720YHh0VR3hBF9xDvwnb8D2shVGOwNx+ulArw=="],

    "@prisma/adapter-pg": ["@prisma/adapter-pg@7.2.0", "", { "dependencies": { "@prisma/driver-adapter-utils": "7.2.0", "pg": "^8.16.3", "postgres-array": "3.0.4" } }, "sha512-euIdQ13cRB2wZ3jPsnDnFhINquo1PYFPCg6yVL8b2rp3EdinQHsX9EDdCtRr489D5uhphcRk463OdQAFlsCr0w=="],

    "@prisma/client": ["@prisma/client@7.2.0", "", { "dependencies": { "@prisma/client-runtime-utils": "7.2.0" }, "peerDependencies": { "prisma": "*", "typescript": ">=5.4.0" }, "optionalPeers": ["prisma", "typescript"] }, "sha512-JdLF8lWZ+LjKGKpBqyAlenxd/kXjd1Abf/xK+6vUA7R7L2Suo6AFTHFRpPSdAKCan9wzdFApsUpSa/F6+t1AtA=="],

    "@prisma/client-runtime-utils": ["@prisma/client-runtime-utils@7.2.0", "", {}, "sha512-dn7oB53v0tqkB0wBdMuTNFNPdEbfICEUe82Tn9FoKAhJCUkDH+fmyEp0ClciGh+9Hp2Tuu2K52kth2MTLstvmA=="],

    "@prisma/debug": ["@prisma/debug@7.2.0", "", {}, "sha512-YSGTiSlBAVJPzX4ONZmMotL+ozJwQjRmZweQNIq/ER0tQJKJynNkRB3kyvt37eOfsbMCXk3gnLF6J9OJ4QWftw=="],

    "@prisma/driver-adapter-utils": ["@prisma/driver-adapter-utils@7.2.0", "", { "dependencies": { "@prisma/debug": "7.2.0" } }, "sha512-gzrUcbI9VmHS24Uf+0+7DNzdIw7keglJsD5m/MHxQOU68OhGVzlphQRobLiDMn8CHNA2XN8uugwKjudVtnfMVQ=="],

    "@sinclair/typebox": ["@sinclair/typebox@0.34.46", "", {}, "sha512-kiW7CtS/NkdvTUjkjUJo7d5JsFfbJ14YjdhDk9KoEgK6nFjKNXZPrX0jfLA8ZlET4cFLHxOZ/0vFKOP+bOxIOQ=="],

    "@standard-schema/spec": ["@standard-schema/spec@1.1.0", "", {}, "sha512-l2aFy5jALhniG5HgqrD6jXLi/rUWrKvqN/qJx6yoJsgKhblVd+iqqU4RCXavm/jPityDo5TCvKMnpjKnOriy0w=="],

    "@tokenizer/inflate": ["@tokenizer/inflate@0.4.1", "", { "dependencies": { "debug": "^4.4.3", "token-types": "^6.1.1" } }, "sha512-2mAv+8pkG6GIZiF1kNg1jAjh27IDxEPKwdGul3snfztFerfPGI1LjDezZp3i7BElXompqEtPmoPx6c2wgtWsOA=="],

    "@tokenizer/token": ["@tokenizer/token@0.3.0", "", {}, "sha512-OvjF+z51L3ov0OyAU0duzsYuvO01PH7x4t6DJx+guahgTnBHkhJdG7soQeTSFLWN3efnHyibZ4Z8l2EuWwJN3A=="],

    "@types/node": ["@types/node@25.0.3", "", { "dependencies": { "undici-types": "~7.16.0" } }, "sha512-W609buLVRVmeW693xKfzHeIV6nJGGz98uCPfeXI1ELMLXVeKYZ9m15fAMSaUPBHYLGFsVRcMmSCksQOrZV9BYA=="],

    "better-auth": ["better-auth@1.4.10", "", { "dependencies": { "@better-auth/core": "1.4.10", "@better-auth/telemetry": "1.4.10", "@better-auth/utils": "0.3.0", "@better-fetch/fetch": "1.1.21", "@noble/ciphers": "^2.0.0", "@noble/hashes": "^2.0.0", "better-call": "1.1.7", "defu": "^6.1.4", "jose": "^6.1.0", "kysely": "^0.28.5", "nanostores": "^1.0.1", "zod": "^4.1.12" }, "peerDependencies": { "@lynx-js/react": "*", "@prisma/client": "^5.0.0 || ^6.0.0 || ^7.0.0", "@sveltejs/kit": "^2.0.0", "@tanstack/react-start": "^1.0.0", "better-sqlite3": "^12.0.0", "drizzle-kit": ">=0.31.4", "drizzle-orm": ">=0.41.0", "mongodb": "^6.0.0 || ^7.0.0", "mysql2": "^3.0.0", "next": "^14.0.0 || ^15.0.0 || ^16.0.0", "pg": "^8.0.0", "prisma": "^5.0.0 || ^6.0.0 || ^7.0.0", "react": "^18.0.0 || ^19.0.0", "react-dom": "^18.0.0 || ^19.0.0", "solid-js": "^1.0.0", "svelte": "^4.0.0 || ^5.0.0", "vitest": "^2.0.0 || ^3.0.0 || ^4.0.0", "vue": "^3.0.0" }, "optionalPeers": ["@lynx-js/react", "@prisma/client", "@sveltejs/kit", "@tanstack/react-start", "better-sqlite3", "drizzle-kit", "drizzle-orm", "mongodb", "mysql2", "next", "pg", "prisma", "react", "react-dom", "solid-js", "svelte", "vitest", "vue"] }, "sha512-0kqwEBJLe8eyFzbUspRG/htOriCf9uMLlnpe34dlIJGdmDfPuQISd4shShvUrvIVhPxsY1dSTXdXPLpqISYOYg=="],

    "better-call": ["better-call@1.1.7", "", { "dependencies": { "@better-auth/utils": "^0.3.0", "@better-fetch/fetch": "^1.1.4", "rou3": "^0.7.10", "set-cookie-parser": "^2.7.1" }, "peerDependencies": { "zod": "^4.0.0" }, "optionalPeers": ["zod"] }, "sha512-6gaJe1bBIEgVebQu/7q9saahVzvBsGaByEnE8aDVncZEDiJO7sdNB28ot9I6iXSbR25egGmmZ6aIURXyQHRraQ=="],

    "bun-types": ["bun-types@1.3.5", "", { "dependencies": { "@types/node": "*" } }, "sha512-inmAYe2PFLs0SUbFOWSVD24sg1jFlMPxOjOSSCYqUgn4Hsc3rDc7dFvfVYjFPNHtov6kgUeulV4SxbuIV/stPw=="],

    "cookie": ["cookie@1.1.1", "", {}, "sha512-ei8Aos7ja0weRpFzJnEA9UHJ/7XQmqglbRwnf2ATjcB9Wq874VKH9kfjjirM6UhU2/E5fFYadylyhFldcqSidQ=="],

    "debug": ["debug@4.4.3", "", { "dependencies": { "ms": "^2.1.3" } }, "sha512-RGwwWnwQvkVfavKVt22FGLw+xYSdzARwm0ru6DhTVA3umU5hZc28V3kO4stgYryrTlLpuvgI9GiijltAjNbcqA=="],

    "defu": ["defu@6.1.4", "", {}, "sha512-mEQCMmwJu317oSz8CwdIOdwf3xMif1ttiM8LTufzc3g6kR+9Pe236twL8j3IYT1F7GfRgGcW6MWxzZjLIkuHIg=="],

    "dotenv": ["dotenv@17.2.3", "", {}, "sha512-JVUnt+DUIzu87TABbhPmNfVdBDt18BLOWjMUFJMSi/Qqg7NTYtabbvSNJGOJ7afbRuv9D/lngizHtP7QyLQ+9w=="],

    "elysia": ["elysia@1.4.19", "", { "dependencies": { "cookie": "^1.1.1", "exact-mirror": "0.2.5", "fast-decode-uri-component": "^1.0.1", "memoirist": "^0.4.0" }, "peerDependencies": { "@sinclair/typebox": ">= 0.34.0 < 1", "@types/bun": ">= 1.2.0", "file-type": ">= 20.0.0", "openapi-types": ">= 12.0.0", "typescript": ">= 5.0.0" }, "optionalPeers": ["@types/bun", "typescript"] }, "sha512-DZb9y8FnWyX5IuqY44SvqAV0DjJ15NeCWHrLdgXrKgTPDPsl3VNwWHqrEr9bmnOCpg1vh6QUvAX/tcxNj88jLA=="],

    "exact-mirror": ["exact-mirror@0.2.5", "", { "peerDependencies": { "@sinclair/typebox": "^0.34.15" }, "optionalPeers": ["@sinclair/typebox"] }, "sha512-u8Wu2lO8nio5lKSJubOydsdNtQmH8ENba5m0nbQYmTvsjksXKYIS1nSShdDlO8Uem+kbo+N6eD5I03cpZ+QsRQ=="],

    "fast-decode-uri-component": ["fast-decode-uri-component@1.0.1", "", {}, "sha512-WKgKWg5eUxvRZGwW8FvfbaH7AXSh2cL+3j5fMGzUMCxWBJ3dV3a7Wz8y2f/uQ0e3B6WmodD3oS54jTQ9HVTIIg=="],

    "file-type": ["file-type@21.2.0", "", { "dependencies": { "@tokenizer/inflate": "^0.4.1", "strtok3": "^10.3.4", "token-types": "^6.1.1", "uint8array-extras": "^1.4.0" } }, "sha512-vCYBgFOrJQLoTzDyAXAL/RFfKnXXpUYt4+tipVy26nJJhT7ftgGETf2tAQF59EEL61i3MrorV/PG6tf7LJK7eg=="],

    "ieee754": ["ieee754@1.2.1", "", {}, "sha512-dcyqhDvX1C46lXZcVqCpK+FtMRQVdIMN6/Df5js2zouUsqG7I6sFxitIC+7KYK29KdXOLHdu9zL4sFnoVQnqaA=="],

    "jose": ["jose@6.1.3", "", {}, "sha512-0TpaTfihd4QMNwrz/ob2Bp7X04yuxJkjRGi4aKmOqwhov54i6u79oCv7T+C7lo70MKH6BesI3vscD1yb/yzKXQ=="],

    "kysely": ["kysely@0.28.9", "", {}, "sha512-3BeXMoiOhpOwu62CiVpO6lxfq4eS6KMYfQdMsN/2kUCRNuF2YiEr7u0HLHaQU+O4Xu8YXE3bHVkwaQ85i72EuA=="],

    "memoirist": ["memoirist@0.4.0", "", {}, "sha512-zxTgA0mSYELa66DimuNQDvyLq36AwDlTuVRbnQtB+VuTcKWm5Qc4z3WkSpgsFWHNhexqkIooqpv4hdcqrX5Nmg=="],

    "ms": ["ms@2.1.3", "", {}, "sha512-6FlzubTLZG3J2a/NVCAleEhjzq5oxgHyaCU9yYXvcLsvoVaHJq/s5xXI6/XXP6tz7R9xAOtHnSO/tXtF3WRTlA=="],

    "nanostores": ["nanostores@1.1.0", "", {}, "sha512-yJBmDJr18xy47dbNVlHcgdPrulSn1nhSE6Ns9vTG+Nx9VPT6iV1MD6aQFp/t52zpf82FhLLTXAXr30NuCnxvwA=="],

    "openapi-types": ["openapi-types@12.1.3", "", {}, "sha512-N4YtSYJqghVu4iek2ZUvcN/0aqH1kRDuNqzcycDxhOUpg7GdvLa2F3DgS6yBNhInhv2r/6I0Flkn7CqL8+nIcw=="],

    "pg": ["pg@8.16.3", "", { "dependencies": { "pg-connection-string": "^2.9.1", "pg-pool": "^3.10.1", "pg-protocol": "^1.10.3", "pg-types": "2.2.0", "pgpass": "1.0.5" }, "optionalDependencies": { "pg-cloudflare": "^1.2.7" }, "peerDependencies": { "pg-native": ">=3.0.1" }, "optionalPeers": ["pg-native"] }, "sha512-enxc1h0jA/aq5oSDMvqyW3q89ra6XIIDZgCX9vkMrnz5DFTw/Ny3Li2lFQ+pt3L6MCgm/5o2o8HW9hiJji+xvw=="],

    "pg-cloudflare": ["pg-cloudflare@1.2.7", "", {}, "sha512-YgCtzMH0ptvZJslLM1ffsY4EuGaU0cx4XSdXLRFae8bPP4dS5xL1tNB3k2o/N64cHJpwU7dxKli/nZ2lUa5fLg=="],

    "pg-connection-string": ["pg-connection-string@2.9.1", "", {}, "sha512-nkc6NpDcvPVpZXxrreI/FOtX3XemeLl8E0qFr6F2Lrm/I8WOnaWNhIPK2Z7OHpw7gh5XJThi6j6ppgNoaT1w4w=="],

    "pg-int8": ["pg-int8@1.0.1", "", {}, "sha512-WCtabS6t3c8SkpDBUlb1kjOs7l66xsGdKpIPZsg4wR+B3+u9UAum2odSsF9tnvxg80h4ZxLWMy4pRjOsFIqQpw=="],

    "pg-pool": ["pg-pool@3.10.1", "", { "peerDependencies": { "pg": ">=8.0" } }, "sha512-Tu8jMlcX+9d8+QVzKIvM/uJtp07PKr82IUOYEphaWcoBhIYkoHpLXN3qO59nAI11ripznDsEzEv8nUxBVWajGg=="],

    "pg-protocol": ["pg-protocol@1.10.3", "", {}, "sha512-6DIBgBQaTKDJyxnXaLiLR8wBpQQcGWuAESkRBX/t6OwA8YsqP+iVSiond2EDy6Y/dsGk8rh/jtax3js5NeV7JQ=="],

    "pg-types": ["pg-types@2.2.0", "", { "dependencies": { "pg-int8": "1.0.1", "postgres-array": "~2.0.0", "postgres-bytea": "~1.0.0", "postgres-date": "~1.0.4", "postgres-interval": "^1.1.0" } }, "sha512-qTAAlrEsl8s4OiEQY69wDvcMIdQN6wdz5ojQiOy6YRMuynxenON0O5oCpJI6lshc6scgAY8qvJ2On/p+CXY0GA=="],

    "pgpass": ["pgpass@1.0.5", "", { "dependencies": { "split2": "^4.1.0" } }, "sha512-FdW9r/jQZhSeohs1Z3sI1yxFQNFvMcnmfuj4WBMUTxOrAyLMaTcE1aAMBiTlbMNaXvBCQuVi0R7hd8udDSP7ug=="],

    "postgres-array": ["postgres-array@3.0.4", "", {}, "sha512-nAUSGfSDGOaOAEGwqsRY27GPOea7CNipJPOA7lPbdEpx5Kg3qzdP0AaWC5MlhTWV9s4hFX39nomVZ+C4tnGOJQ=="],

    "postgres-bytea": ["postgres-bytea@1.0.1", "", {}, "sha512-5+5HqXnsZPE65IJZSMkZtURARZelel2oXUEO8rH83VS/hxH5vv1uHquPg5wZs8yMAfdv971IU+kcPUczi7NVBQ=="],

    "postgres-date": ["postgres-date@1.0.7", "", {}, "sha512-suDmjLVQg78nMK2UZ454hAG+OAW+HQPZ6n++TNDUX+L0+uUlLywnoxJKDou51Zm+zTCjrCl0Nq6J9C5hP9vK/Q=="],

    "postgres-interval": ["postgres-interval@1.2.0", "", { "dependencies": { "xtend": "^4.0.0" } }, "sha512-9ZhXKM/rw350N1ovuWHbGxnGh/SNJ4cnxHiM0rxE4VN41wsg8P8zWn9hv/buK00RP4WvlOyr/RBDiptyxVbkZQ=="],

    "rou3": ["rou3@0.7.12", "", {}, "sha512-iFE4hLDuloSWcD7mjdCDhx2bKcIsYbtOTpfH5MHHLSKMOUyjqQXTeZVa289uuwEGEKFoE/BAPbhaU4B774nceg=="],

    "set-cookie-parser": ["set-cookie-parser@2.7.2", "", {}, "sha512-oeM1lpU/UvhTxw+g3cIfxXHyJRc/uidd3yK1P242gzHds0udQBYzs3y8j4gCCW+ZJ7ad0yctld8RYO+bdurlvw=="],

    "split2": ["split2@4.2.0", "", {}, "sha512-UcjcJOWknrNkF6PLX83qcHM6KHgVKNkV62Y8a5uYDVv9ydGQVwAHMKqHdJje1VTWpljG0WYpCDhrCdAOYH4TWg=="],

    "strtok3": ["strtok3@10.3.4", "", { "dependencies": { "@tokenizer/token": "^0.3.0" } }, "sha512-KIy5nylvC5le1OdaaoCJ07L+8iQzJHGH6pWDuzS+d07Cu7n1MZ2x26P8ZKIWfbK02+XIL8Mp4RkWeqdUCrDMfg=="],

    "token-types": ["token-types@6.1.2", "", { "dependencies": { "@borewit/text-codec": "^0.2.1", "@tokenizer/token": "^0.3.0", "ieee754": "^1.2.1" } }, "sha512-dRXchy+C0IgK8WPC6xvCHFRIWYUbqqdEIKPaKo/AcTUNzwLTK6AH7RjdLWsEZcAN/TBdtfUw3PYEgPr5VPr6ww=="],

    "uint8array-extras": ["uint8array-extras@1.5.0", "", {}, "sha512-rvKSBiC5zqCCiDZ9kAOszZcDvdAHwwIKJG33Ykj43OKcWsnmcBRL09YTU4nOeHZ8Y2a7l1MgTd08SBe9A8Qj6A=="],

    "undici-types": ["undici-types@7.16.0", "", {}, "sha512-Zz+aZWSj8LE6zoxD+xrjh4VfkIG8Ya6LvYkZqtUQGJPZjYl53ypCaUwWqo7eI0x66KBGeRo+mlBEkMSeSZ38Nw=="],

    "xtend": ["xtend@4.0.2", "", {}, "sha512-LKYU1iAXJXUgAXn9URjiu+MWhyUXHsvfp7mcuYm9dSUKK0/CjtrUwFAxD82/mCWbtLsGjFIad0wIsod4zrTAEQ=="],

    "zod": ["zod@4.3.4", "", {}, "sha512-Zw/uYiiyF6pUT1qmKbZziChgNPRu+ZRneAsMUDU6IwmXdWt5JwcUfy2bvLOCUtz5UniaN/Zx5aFttZYbYc7O/A=="],

    "pg-types/postgres-array": ["postgres-array@2.0.0", "", {}, "sha512-VpZrUqU5A69eQyW2c5CA1jtLecCsN2U/bD6VilrFDWq5+5UIEVO7nazS3TEcHf1zuPYO/sqGvUvW62g86RXZuA=="],
  }
}
